
Microsoft Visual Studio Solution File, Format Version 12.00
# Visual Studio Version 16
VisualStudioVersion = 16.0.30114.105
MinimumVisualStudioVersion = 10.0.40219.1
Project("{FAE04EC0-301F-11D3-BF4B-00C04F79EFBC}") = "PresentationTier", "PresentationTier\PresentationTier.csproj", "{7040DCE3-5F87-4A49-94A4-739809B72668}"
EndProject
Project("{FAE04EC0-301F-11D3-BF4B-00C04F79EFBC}") = "DataTier", "DataTier\DataTier.csproj", "{4A8BEE51-D160-4BD8-80AD-F4524709D06D}"
EndProject
Project("{FAE04EC0-301F-11D3-BF4B-00C04F79EFBC}") = "BusinessTier", "BusinessTier\BusinessTier.csproj", "{F8F82B30-939E-47D8-9CFA-05ABE618F79A}"
EndProject
Global
	GlobalSection(SolutionConfigurationPlatforms) = preSolution
		Debug|Any CPU = Debug|Any CPU
		Release|Any CPU = Release|Any CPU
	EndGlobalSection
	GlobalSection(ProjectConfigurationPlatforms) = postSolution
		{7040DCE3-5F87-4A49-94A4-739809B72668}.Debug|Any CPU.ActiveCfg = Debug|Any CPU
		{7040DCE3-5F87-4A49-94A4-739809B72668}.Debug|Any CPU.Build.0 = Debug|Any CPU
		{7040DCE3-5F87-4A49-94A4-739809B72668}.Release|Any CPU.ActiveCfg = Release|Any CPU
		{7040DCE3-5F87-4A49-94A4-739809B72668}.Release|Any CPU.Build.0 = Release|Any CPU
		{4A8BEE51-D160-4BD8-80AD-F4524709D06D}.Debug|Any CPU.ActiveCfg = Debug|Any CPU
		{4A8BEE51-D160-4BD8-80AD-F4524709D06D}.Debug|Any CPU.Build.0 = Debug|Any CPU
		{4A8BEE51-D160-4BD8-80AD-F4524709D06D}.Release|Any CPU.ActiveCfg = Release|Any CPU
		{4A8BEE51-D160-4BD8-80AD-F4524709D06D}.Release|Any CPU.Build.0 = Release|Any CPU
		{F8F82B30-939E-47D8-9CFA-05ABE618F79A}.Debug|Any CPU.ActiveCfg = Debug|Any CPU
		{F8F82B30-939E-47D8-9CFA-05ABE618F79A}.Debug|Any CPU.Build.0 = Debug|Any CPU
		{F8F82B30-939E-47D8-9CFA-05ABE618F79A}.Release|Any CPU.ActiveCfg = Release|Any CPU
		{F8F82B30-939E-47D8-9CFA-05ABE618F79A}.Release|Any CPU.Build.0 = Release|Any CPU
	EndGlobalSection
	GlobalSection(SolutionProperties) = preSolution
		HideSolutionNode = FALSE
	EndGlobalSection
	GlobalSection(ExtensibilityGlobals) = postSolution
		SolutionGuid = {31948858-1986-489D-9186-368588ADE96D}
	EndGlobalSection
EndGlobal
